// !$*UTF8*$!
{
	archiveVersion = 1;
	classes = {
	};
	objectVersion = 46;
	objects = {

/* Begin PBXBuildFile section */
		287EF6991A927F2A009CDC25 /* main.cpp in Sources */ = {isa = PBXBuildFile; fileRef = 287EF6981A927F2A009CDC25 /* main.cpp */; };
/* End PBXBuildFile section */

/* Begin PBXCopyFilesBuildPhase section */
		287EF6931A927F2A009CDC25 /* CopyFiles */ = {
			isa = PBXCopyFilesBuildPhase;
			buildActionMask = 2147483647;
			dstPath = /usr/share/man/man1/;
			dstSubfolderSpec = 0;
			files = (
			);
			runOnlyForDeploymentPostprocessing = 1;
		};
/* End PBXCopyFilesBuildPhase section */

/* Begin PBXFileReference section */
		287EF6951A927F2A009CDC25 /* OdeSolverGit */ = {isa = PBXFileReference; explicitFileType = "compiled.mach-o.executable"; includeInIndex = 0; path = OdeSolverGit; sourceTree = BUILT_PRODUCTS_DIR; };
		287EF6981A927F2A009CDC25 /* main.cpp */ = {isa = PBXFileReference; lastKnownFileType = sourcecode.cpp.cpp; path = main.cpp; sourceTree = "<group>"; };
		28E997CB1A9280E7007BEAC4 /* autoderiv.h */ = {isa = PBXFileReference; fileEncoding = 4; lastKnownFileType = sourcecode.c.h; path = autoderiv.h; sourceTree = "<group>"; };
		28E997CC1A9280E7007BEAC4 /* BMPLoader.h */ = {isa = PBXFileReference; fileEncoding = 4; lastKnownFileType = sourcecode.c.h; path = BMPLoader.h; sourceTree = "<group>"; };
		28E997CD1A9280E7007BEAC4 /* ButcherTable.h */ = {isa = PBXFileReference; fileEncoding = 4; lastKnownFileType = sourcecode.c.h; path = ButcherTable.h; sourceTree = "<group>"; };
		28E997CE1A9280E7007BEAC4 /* Definitions.h */ = {isa = PBXFileReference; fileEncoding = 4; lastKnownFileType = sourcecode.c.h; path = Definitions.h; sourceTree = "<group>"; };
		28E997CF1A9280E7007BEAC4 /* Dopri5.h */ = {isa = PBXFileReference; fileEncoding = 4; lastKnownFileType = sourcecode.c.h; path = Dopri5.h; sourceTree = "<group>"; };
		28E997D01A9280E7007BEAC4 /* Euler.h */ = {isa = PBXFileReference; fileEncoding = 4; lastKnownFileType = sourcecode.c.h; path = Euler.h; sourceTree = "<group>"; };
		28E997D11A9280E7007BEAC4 /* ExampleFunctors.h */ = {isa = PBXFileReference; fileEncoding = 4; lastKnownFileType = sourcecode.c.h; path = ExampleFunctors.h; sourceTree = "<group>"; };
		28E997D21A9280E7007BEAC4 /* Fehlberg78.h */ = {isa = PBXFileReference; fileEncoding = 4; lastKnownFileType = sourcecode.c.h; path = Fehlberg78.h; sourceTree = "<group>"; };
		28E997D31A9280E7007BEAC4 /* GaussFieldFunctor.h */ = {isa = PBXFileReference; fileEncoding = 4; lastKnownFileType = sourcecode.c.h; path = GaussFieldFunctor.h; sourceTree = "<group>"; };
		28E997D41A9280E7007BEAC4 /* GaussPicture.h */ = {isa = PBXFileReference; fileEncoding = 4; lastKnownFileType = sourcecode.c.h; path = GaussPicture.h; sourceTree = "<group>"; };
		28E997D51A9280E7007BEAC4 /* implicit_euler_ad.h */ = {isa = PBXFileReference; fileEncoding = 4; lastKnownFileType = sourcecode.c.h; path = implicit_euler_ad.h; sourceTree = "<group>"; };
		28E997D61A9280E7007BEAC4 /* implicit_euler.h */ = {isa = PBXFileReference; fileEncoding = 4; lastKnownFileType = sourcecode.c.h; path = implicit_euler.h; sourceTree = "<group>"; };
		28E997D71A9280E7007BEAC4 /* integrate_adaptive.h */ = {isa = PBXFileReference; fileEncoding = 4; lastKnownFileType = sourcecode.c.h; path = integrate_adaptive.h; sourceTree = "<group>"; };
		28E997D81A9280E7007BEAC4 /* integrate_const.h */ = {isa = PBXFileReference; fileEncoding = 4; lastKnownFileType = sourcecode.c.h; path = integrate_const.h; sourceTree = "<group>"; };
		28E997D91A9280E7007BEAC4 /* IntersectionFunctors.h */ = {isa = PBXFileReference; fileEncoding = 4; lastKnownFileType = sourcecode.c.h; path = IntersectionFunctors.h; sourceTree = "<group>"; };
		28E997DA1A9280E7007BEAC4 /* newton_raphson_ad.h */ = {isa = PBXFileReference; fileEncoding = 4; lastKnownFileType = sourcecode.c.h; path = newton_raphson_ad.h; sourceTree = "<group>"; };
		28E997DB1A9280E7007BEAC4 /* newton_raphson.h */ = {isa = PBXFileReference; fileEncoding = 4; lastKnownFileType = sourcecode.c.h; path = newton_raphson.h; sourceTree = "<group>"; };
		28E997DC1A9280E7007BEAC4 /* NonlinearFunctors.h */ = {isa = PBXFileReference; fileEncoding = 4; lastKnownFileType = sourcecode.c.h; path = NonlinearFunctors.h; sourceTree = "<group>"; };
		28E997DD1A9280E7007BEAC4 /* OdeSolver.h */ = {isa = PBXFileReference; fileEncoding = 4; lastKnownFileType = sourcecode.c.h; path = OdeSolver.h; sourceTree = "<group>"; };
		28E997DE1A9280E7007BEAC4 /* PicturePlane.h */ = {isa = PBXFileReference; fileEncoding = 4; lastKnownFileType = sourcecode.c.h; path = PicturePlane.h; sourceTree = "<group>"; };
		28E997DF1A9280E7007BEAC4 /* Raindrop.h */ = {isa = PBXFileReference; fileEncoding = 4; lastKnownFileType = sourcecode.c.h; path = Raindrop.h; sourceTree = "<group>"; };
		28E997E01A9280E7007BEAC4 /* runExamples.h */ = {isa = PBXFileReference; fileEncoding = 4; lastKnownFileType = sourcecode.c.h; path = runExamples.h; sourceTree = "<group>"; };
		28E997E11A9280E7007BEAC4 /* RungeKutta4.h */ = {isa = PBXFileReference; fileEncoding = 4; lastKnownFileType = sourcecode.c.h; path = RungeKutta4.h; sourceTree = "<group>"; };
		28E997E21A9280E7007BEAC4 /* RungeKutta14.h */ = {isa = PBXFileReference; fileEncoding = 4; lastKnownFileType = sourcecode.c.h; path = RungeKutta14.h; sourceTree = "<group>"; };
/* End PBXFileReference section */

/* Begin PBXFrameworksBuildPhase section */
		287EF6921A927F2A009CDC25 /* Frameworks */ = {
			isa = PBXFrameworksBuildPhase;
			buildActionMask = 2147483647;
			files = (
			);
			runOnlyForDeploymentPostprocessing = 0;
		};
/* End PBXFrameworksBuildPhase section */

/* Begin PBXGroup section */
		287EF68C1A927F2A009CDC25 = {
			isa = PBXGroup;
			children = (
				287EF6971A927F2A009CDC25 /* OdeSolverGit */,
				287EF6961A927F2A009CDC25 /* Products */,
			);
			sourceTree = "<group>";
		};
		287EF6961A927F2A009CDC25 /* Products */ = {
			isa = PBXGroup;
			children = (
				287EF6951A927F2A009CDC25 /* OdeSolverGit */,
			);
			name = Products;
			sourceTree = "<group>";
		};
		287EF6971A927F2A009CDC25 /* OdeSolverGit */ = {
			isa = PBXGroup;
			children = (
				287EF6981A927F2A009CDC25 /* main.cpp */,
				28E997CE1A9280E7007BEAC4 /* Definitions.h */,
				28E997DD1A9280E7007BEAC4 /* OdeSolver.h */,
				28E997E31A9282E7007BEAC4 /* Examples */,
				28E997E41A9282F0007BEAC4 /* integrate */,
				28E997E51A9282FA007BEAC4 /* stepper */,
				28E997E61A928304007BEAC4 /* util */,
			);
			path = OdeSolverGit;
			sourceTree = "<group>";
		};
		28E997E31A9282E7007BEAC4 /* Examples */ = {
			isa = PBXGroup;
			children = (
				28E997E01A9280E7007BEAC4 /* runExamples.h */,
				28E997D11A9280E7007BEAC4 /* ExampleFunctors.h */,
				28E997D31A9280E7007BEAC4 /* GaussFieldFunctor.h */,
				28E997D41A9280E7007BEAC4 /* GaussPicture.h */,
				28E997D91A9280E7007BEAC4 /* IntersectionFunctors.h */,
				28E997DC1A9280E7007BEAC4 /* NonlinearFunctors.h */,
				28E997DE1A9280E7007BEAC4 /* PicturePlane.h */,
				28E997DF1A9280E7007BEAC4 /* Raindrop.h */,
			);
			name = Examples;
			sourceTree = "<group>";
		};
		28E997E41A9282F0007BEAC4 /* integrate */ = {
			isa = PBXGroup;
			children = (
				28E997D71A9280E7007BEAC4 /* integrate_adaptive.h */,
				28E997D81A9280E7007BEAC4 /* integrate_const.h */,
			);
			name = integrate;
			sourceTree = "<group>";
		};
		28E997E51A9282FA007BEAC4 /* stepper */ = {
			isa = PBXGroup;
			children = (
				28E997CD1A9280E7007BEAC4 /* ButcherTable.h */,
				28E997CF1A9280E7007BEAC4 /* Dopri5.h */,
				28E997D01A9280E7007BEAC4 /* Euler.h */,
				28E997D21A9280E7007BEAC4 /* Fehlberg78.h */,
				28E997D51A9280E7007BEAC4 /* implicit_euler_ad.h */,
				28E997D61A9280E7007BEAC4 /* implicit_euler.h */,
				28E997E11A9280E7007BEAC4 /* RungeKutta4.h */,
				28E997E21A9280E7007BEAC4 /* RungeKutta14.h */,
			);
			name = stepper;
			sourceTree = "<group>";
		};
		28E997E61A928304007BEAC4 /* util */ = {
			isa = PBXGroup;
			children = (
				28E997CB1A9280E7007BEAC4 /* autoderiv.h */,
				28E997CC1A9280E7007BEAC4 /* BMPLoader.h */,
				28E997DA1A9280E7007BEAC4 /* newton_raphson_ad.h */,
				28E997DB1A9280E7007BEAC4 /* newton_raphson.h */,
			);
			name = util;
			sourceTree = "<group>";
		};
/* End PBXGroup section */

/* Begin PBXNativeTarget section */
		287EF6941A927F2A009CDC25 /* OdeSolverGit */ = {
			isa = PBXNativeTarget;
			buildConfigurationList = 287EF69C1A927F2A009CDC25 /* Build configuration list for PBXNativeTarget "OdeSolverGit" */;
			buildPhases = (
				287EF6911A927F2A009CDC25 /* Sources */,
				287EF6921A927F2A009CDC25 /* Frameworks */,
				287EF6931A927F2A009CDC25 /* CopyFiles */,
			);
			buildRules = (
			);
			dependencies = (
			);
			name = OdeSolverGit;
			productName = OdeSolverGit;
			productReference = 287EF6951A927F2A009CDC25 /* OdeSolverGit */;
			productType = "com.apple.product-type.tool";
		};
/* End PBXNativeTarget section */

/* Begin PBXProject section */
		287EF68D1A927F2A009CDC25 /* Project object */ = {
			isa = PBXProject;
			attributes = {
				LastUpgradeCheck = 0610;
				ORGANIZATIONNAME = Markus;
				TargetAttributes = {
					287EF6941A927F2A009CDC25 = {
						CreatedOnToolsVersion = 6.1.1;
					};
				};
			};
			buildConfigurationList = 287EF6901A927F2A009CDC25 /* Build configuration list for PBXProject "OdeSolverGit" */;
			compatibilityVersion = "Xcode 3.2";
			developmentRegion = English;
			hasScannedForEncodings = 0;
			knownRegions = (
				en,
			);
			mainGroup = 287EF68C1A927F2A009CDC25;
			productRefGroup = 287EF6961A927F2A009CDC25 /* Products */;
			projectDirPath = "";
			projectRoot = "";
			targets = (
				287EF6941A927F2A009CDC25 /* OdeSolverGit */,
			);
		};
/* End PBXProject section */

/* Begin PBXSourcesBuildPhase section */
		287EF6911A927F2A009CDC25 /* Sources */ = {
			isa = PBXSourcesBuildPhase;
			buildActionMask = 2147483647;
			files = (
				287EF6991A927F2A009CDC25 /* main.cpp in Sources */,
			);
			runOnlyForDeploymentPostprocessing = 0;
		};
/* End PBXSourcesBuildPhase section */

/* Begin XCBuildConfiguration section */
		287EF69A1A927F2A009CDC25 /* Debug */ = {
			isa = XCBuildConfiguration;
			buildSettings = {
				ALWAYS_SEARCH_USER_PATHS = NO;
				CLANG_CXX_LANGUAGE_STANDARD = "gnu++0x";
				CLANG_CXX_LIBRARY = "libc++";
				CLANG_ENABLE_MODULES = YES;
				CLANG_ENABLE_OBJC_ARC = YES;
				CLANG_WARN_BOOL_CONVERSION = YES;
				CLANG_WARN_CONSTANT_CONVERSION = YES;
				CLANG_WARN_DIRECT_OBJC_ISA_USAGE = YES_ERROR;
				CLANG_WARN_EMPTY_BODY = YES;
				CLANG_WARN_ENUM_CONVERSION = YES;
				CLANG_WARN_INT_CONVERSION = YES;
				CLANG_WARN_OBJC_ROOT_CLASS = YES_ERROR;
				CLANG_WARN_UNREACHABLE_CODE = YES;
				CLANG_WARN__DUPLICATE_METHOD_MATCH = YES;
				COPY_PHASE_STRIP = NO;
				ENABLE_STRICT_OBJC_MSGSEND = YES;
				GCC_C_LANGUAGE_STANDARD = gnu99;
				GCC_DYNAMIC_NO_PIC = NO;
				GCC_OPTIMIZATION_LEVEL = 0;
				GCC_PREPROCESSOR_DEFINITIONS = (
					"DEBUG=1",
					"$(inherited)",
				);
				GCC_SYMBOLS_PRIVATE_EXTERN = NO;
				GCC_WARN_64_TO_32_BIT_CONVERSION = YES;
				GCC_WARN_ABOUT_RETURN_TYPE = YES_ERROR;
				GCC_WARN_UNDECLARED_SELECTOR = YES;
				GCC_WARN_UNINITIALIZED_AUTOS = YES_AGGRESSIVE;
				GCC_WARN_UNUSED_FUNCTION = YES;
				GCC_WARN_UNUSED_VARIABLE = YES;
				MACOSX_DEPLOYMENT_TARGET = 10.10;
				MTL_ENABLE_DEBUG_INFO = YES;
				ONLY_ACTIVE_ARCH = YES;
				SDKROOT = macosx;
			};
			name = Debug;
		};
		287EF69B1A927F2A009CDC25 /* Release */ = {
			isa = XCBuildConfiguration;
			buildSettings = {
				ALWAYS_SEARCH_USER_PATHS = NO;
				CLANG_CXX_LANGUAGE_STANDARD = "gnu++0x";
				CLANG_CXX_LIBRARY = "libc++";
				CLANG_ENABLE_MODULES = YES;
				CLANG_ENABLE_OBJC_ARC = YES;
				CLANG_WARN_BOOL_CONVERSION = YES;
				CLANG_WARN_CONSTANT_CONVERSION = YES;
				CLANG_WARN_DIRECT_OBJC_ISA_USAGE = YES_ERROR;
				CLANG_WARN_EMPTY_BODY = YES;
				CLANG_WARN_ENUM_CONVERSION = YES;
				CLANG_WARN_INT_CONVERSION = YES;
				CLANG_WARN_OBJC_ROOT_CLASS = YES_ERROR;
				CLANG_WARN_UNREACHABLE_CODE = YES;
				CLANG_WARN__DUPLICATE_METHOD_MATCH = YES;
				COPY_PHASE_STRIP = YES;
				DEBUG_INFORMATION_FORMAT = "dwarf-with-dsym";
				ENABLE_NS_ASSERTIONS = NO;
				ENABLE_STRICT_OBJC_MSGSEND = YES;
				GCC_C_LANGUAGE_STANDARD = gnu99;
				GCC_WARN_64_TO_32_BIT_CONVERSION = YES;
				GCC_WARN_ABOUT_RETURN_TYPE = YES_ERROR;
				GCC_WARN_UNDECLARED_SELECTOR = YES;
				GCC_WARN_UNINITIALIZED_AUTOS = YES_AGGRESSIVE;
				GCC_WARN_UNUSED_FUNCTION = YES;
				GCC_WARN_UNUSED_VARIABLE = YES;
				MACOSX_DEPLOYMENT_TARGET = 10.10;
				MTL_ENABLE_DEBUG_INFO = NO;
				SDKROOT = macosx;
			};
			name = Release;
		};
		287EF69D1A927F2A009CDC25 /* Debug */ = {
			isa = XCBuildConfiguration;
			buildSettings = {
				HEADER_SEARCH_PATHS = (
					"$(inherited)",
					/Applications/Xcode.app/Contents/Developer/Toolchains/XcodeDefault.xctoolchain/usr/include,
					/usr/local/Cellar/boost/1.56.0/include,
				);
				PRODUCT_NAME = "$(TARGET_NAME)";
			};
			name = Debug;
		};
		287EF69E1A927F2A009CDC25 /* Release */ = {
			isa = XCBuildConfiguration;
			buildSettings = {
				HEADER_SEARCH_PATHS = (
					"$(inherited)",
					/Applications/Xcode.app/Contents/Developer/Toolchains/XcodeDefault.xctoolchain/usr/include,
					/usr/local/Cellar/boost/1.56.0/include,
				);
				PRODUCT_NAME = "$(TARGET_NAME)";
			};
			name = Release;
		};
/* End XCBuildConfiguration section */

/* Begin XCConfigurationList section */
		287EF6901A927F2A009CDC25 /* Build configuration list for PBXProject "OdeSolverGit" */ = {
			isa = XCConfigurationList;
			buildConfigurations = (
				287EF69A1A927F2A009CDC25 /* Debug */,
				287EF69B1A927F2A009CDC25 /* Release */,
			);
			defaultConfigurationIsVisible = 0;
			defaultConfigurationName = Release;
		};
		287EF69C1A927F2A009CDC25 /* Build configuration list for PBXNativeTarget "OdeSolverGit" */ = {
			isa = XCConfigurationList;
			buildConfigurations = (
				287EF69D1A927F2A009CDC25 /* Debug */,
				287EF69E1A927F2A009CDC25 /* Release */,
			);
			defaultConfigurationIsVisible = 0;
			defaultConfigurationName = Release;
		};
/* End XCConfigurationList section */
	};
	rootObject = 287EF68D1A927F2A009CDC25 /* Project object */;
}
